Microsoft Visual Studio Solution File, Format Version 12.00
# Visual Studio Version 17
VisualStudioVersion = 17.12.35527.113
MinimumVisualStudioVersion = 10.0.40219.1
Project("{FAE04EC0-301F-11D3-BF4B-00C04F79EFBC}") = "SorexUI", "SorexUI\SorexUI.csproj", "{22424BE2-06E3-41E5-B55C-22CAF458A6BE}"
EndProject
Project("{FAE04EC0-301F-11D3-BF4B-00C04F79EFBC}") = "SorexMarkdownLibrary", "SorexMarkdownLibrary\SorexMarkdownLibrary.csproj", "{89A40C72-BECE-450B-91BA-D5CCA3916325}"
EndProject
Global
	GlobalSection(SolutionConfigurationPlatforms) = preSolution
		Debug|Any CPU = Debug|Any CPU
		Release|Any CPU = Release|Any CPU
	EndGlobalSection
	GlobalSection(ProjectConfigurationPlatforms) = postSolution
		{22424BE2-06E3-41E5-B55C-22CAF458A6BE}.Debug|Any CPU.ActiveCfg = Debug|Any CPU
		{22424BE2-06E3-41E5-B55C-22CAF458A6BE}.Debug|Any CPU.Build.0 = Debug|Any CPU
		{22424BE2-06E3-41E5-B55C-22CAF458A6BE}.Release|Any CPU.ActiveCfg = Release|Any CPU
		{22424BE2-06E3-41E5-B55C-22CAF458A6BE}.Release|Any CPU.Build.0 = Release|Any CPU
		{89A40C72-BECE-450B-91BA-D5CCA3916325}.Debug|Any CPU.ActiveCfg = Debug|Any CPU
		{89A40C72-BECE-450B-91BA-D5CCA3916325}.Debug|Any CPU.Build.0 = Debug|Any CPU
		{89A40C72-BECE-450B-91BA-D5CCA3916325}.Release|Any CPU.ActiveCfg = Release|Any CPU
		{89A40C72-BECE-450B-91BA-D5CCA3916325}.Release|Any CPU.Build.0 = Release|Any CPU
	EndGlobalSection
	GlobalSection(SolutionProperties) = preSolution
		HideSolutionNode = FALSE
	EndGlobalSection
EndGlobal
